
Microsoft Visual Studio Solution File, Format Version 10.00
# Visual C++ Express 2008
Project("{8BC9CEB8-8B4A-11D0-8D11-00A0C91BC942}") = "TclScript", "TclScript.vcproj", "{7C8C63EC-893B-480F-B265-E7E6B1F9D8A4}"
	ProjectSection(ProjectDependencies) = postProject
		{17A02BCA-3E06-4D70-AFAB-C1022CDAE355} = {17A02BCA-3E06-4D70-AFAB-C1022CDAE355}
	EndProjectSection
EndProject
Project("{8BC9CEB8-8B4A-11D0-8D11-00A0C91BC942}") = "dllserver", "dllserver.vcproj", "{EFD92564-AA71-42B8-A14B-7F2CA4197A8B}"
	ProjectSection(ProjectDependencies) = postProject
		{17A02BCA-3E06-4D70-AFAB-C1022CDAE355} = {17A02BCA-3E06-4D70-AFAB-C1022CDAE355}
	EndProjectSection
EndProject
Project("{8BC9CEB8-8B4A-11D0-8D11-00A0C91BC942}") = "exeserver", "exeserver.vcproj", "{834AC534-4839-4F58-9F33-38D3513EFB3F}"
	ProjectSection(ProjectDependencies) = postProject
		{17A02BCA-3E06-4D70-AFAB-C1022CDAE355} = {17A02BCA-3E06-4D70-AFAB-C1022CDAE355}
	EndProjectSection
EndProject
Project("{8BC9CEB8-8B4A-11D0-8D11-00A0C91BC942}") = "tcom", "tcom.vcproj", "{17A02BCA-3E06-4D70-AFAB-C1022CDAE355}"
EndProject
Global
	GlobalSection(SolutionConfigurationPlatforms) = preSolution
		Debug|Win32 = Debug|Win32
		No DCOM Debug|Win32 = No DCOM Debug|Win32
		No DCOM Release|Win32 = No DCOM Release|Win32
		Release|Win32 = Release|Win32
	EndGlobalSection
	GlobalSection(ProjectConfigurationPlatforms) = postSolution
		{7C8C63EC-893B-480F-B265-E7E6B1F9D8A4}.Debug|Win32.ActiveCfg = Debug|Win32
		{7C8C63EC-893B-480F-B265-E7E6B1F9D8A4}.Debug|Win32.Build.0 = Debug|Win32
		{7C8C63EC-893B-480F-B265-E7E6B1F9D8A4}.No DCOM Debug|Win32.ActiveCfg = Debug|Win32
		{7C8C63EC-893B-480F-B265-E7E6B1F9D8A4}.No DCOM Debug|Win32.Build.0 = Debug|Win32
		{7C8C63EC-893B-480F-B265-E7E6B1F9D8A4}.No DCOM Release|Win32.ActiveCfg = Release|Win32
		{7C8C63EC-893B-480F-B265-E7E6B1F9D8A4}.No DCOM Release|Win32.Build.0 = Release|Win32
		{7C8C63EC-893B-480F-B265-E7E6B1F9D8A4}.Release|Win32.ActiveCfg = Release|Win32
		{7C8C63EC-893B-480F-B265-E7E6B1F9D8A4}.Release|Win32.Build.0 = Release|Win32
		{EFD92564-AA71-42B8-A14B-7F2CA4197A8B}.Debug|Win32.ActiveCfg = Debug|Win32
		{EFD92564-AA71-42B8-A14B-7F2CA4197A8B}.Debug|Win32.Build.0 = Debug|Win32
		{EFD92564-AA71-42B8-A14B-7F2CA4197A8B}.No DCOM Debug|Win32.ActiveCfg = Debug|Win32
		{EFD92564-AA71-42B8-A14B-7F2CA4197A8B}.No DCOM Debug|Win32.Build.0 = Debug|Win32
		{EFD92564-AA71-42B8-A14B-7F2CA4197A8B}.No DCOM Release|Win32.ActiveCfg = Release|Win32
		{EFD92564-AA71-42B8-A14B-7F2CA4197A8B}.No DCOM Release|Win32.Build.0 = Release|Win32
		{EFD92564-AA71-42B8-A14B-7F2CA4197A8B}.Release|Win32.ActiveCfg = Release|Win32
		{EFD92564-AA71-42B8-A14B-7F2CA4197A8B}.Release|Win32.Build.0 = Release|Win32
		{834AC534-4839-4F58-9F33-38D3513EFB3F}.Debug|Win32.ActiveCfg = Debug|Win32
		{834AC534-4839-4F58-9F33-38D3513EFB3F}.Debug|Win32.Build.0 = Debug|Win32
		{834AC534-4839-4F58-9F33-38D3513EFB3F}.No DCOM Debug|Win32.ActiveCfg = Debug|Win32
		{834AC534-4839-4F58-9F33-38D3513EFB3F}.No DCOM Debug|Win32.Build.0 = Debug|Win32
		{834AC534-4839-4F58-9F33-38D3513EFB3F}.No DCOM Release|Win32.ActiveCfg = Release|Win32
		{834AC534-4839-4F58-9F33-38D3513EFB3F}.No DCOM Release|Win32.Build.0 = Release|Win32
		{834AC534-4839-4F58-9F33-38D3513EFB3F}.Release|Win32.ActiveCfg = Release|Win32
		{834AC534-4839-4F58-9F33-38D3513EFB3F}.Release|Win32.Build.0 = Release|Win32
		{17A02BCA-3E06-4D70-AFAB-C1022CDAE355}.Debug|Win32.ActiveCfg = Debug|Win32
		{17A02BCA-3E06-4D70-AFAB-C1022CDAE355}.Debug|Win32.Build.0 = Debug|Win32
		{17A02BCA-3E06-4D70-AFAB-C1022CDAE355}.No DCOM Debug|Win32.ActiveCfg = No DCOM Debug|Win32
		{17A02BCA-3E06-4D70-AFAB-C1022CDAE355}.No DCOM Debug|Win32.Build.0 = No DCOM Debug|Win32
		{17A02BCA-3E06-4D70-AFAB-C1022CDAE355}.No DCOM Release|Win32.ActiveCfg = No DCOM Release|Win32
		{17A02BCA-3E06-4D70-AFAB-C1022CDAE355}.No DCOM Release|Win32.Build.0 = No DCOM Release|Win32
		{17A02BCA-3E06-4D70-AFAB-C1022CDAE355}.Release|Win32.ActiveCfg = Release|Win32
		{17A02BCA-3E06-4D70-AFAB-C1022CDAE355}.Release|Win32.Build.0 = Release|Win32
	EndGlobalSection
	GlobalSection(SolutionProperties) = preSolution
		HideSolutionNode = FALSE
	EndGlobalSection
EndGlobal
